
Microsoft Visual Studio Solution File, Format Version 12.00
# Visual Studio Version 16
VisualStudioVersion = 16.0.31702.278
MinimumVisualStudioVersion = 10.0.40219.1
Project("{6EC3EE1D-3C4E-46DD-8F32-0CC8E7565705}") = "Web.Api", "Web.Api\Web.Api.fsproj", "{A1CE407A-3F0D-459F-8622-33CB7E961527}"
EndProject
Project("{E53339B2-1760-4266-BCC7-CA923CBCF16C}") = "docker-compose", "docker-compose.dcproj", "{BE177EEC-2C70-441E-857F-76C5FF18A4DB}"
EndProject
Project("{2150E333-8FDC-42A3-9474-1A3956D46DE8}") = "Solution Items", "Solution Items", "{7503C16E-3D86-4F6A-82DB-D5D4C84B5309}"
EndProject
Project("{2150E333-8FDC-42A3-9474-1A3956D46DE8}") = "Database", "Database", "{1716D048-2908-4C95-BBE7-C8D4F541D727}"
	ProjectSection(SolutionItems) = preProject
		.database\create-todo-table.sql = .database\create-todo-table.sql
	EndProjectSection
EndProject
Global
	GlobalSection(SolutionConfigurationPlatforms) = preSolution
		Debug|Any CPU = Debug|Any CPU
		Release|Any CPU = Release|Any CPU
	EndGlobalSection
	GlobalSection(ProjectConfigurationPlatforms) = postSolution
		{A1CE407A-3F0D-459F-8622-33CB7E961527}.Debug|Any CPU.ActiveCfg = Debug|Any CPU
		{A1CE407A-3F0D-459F-8622-33CB7E961527}.Debug|Any CPU.Build.0 = Debug|Any CPU
		{A1CE407A-3F0D-459F-8622-33CB7E961527}.Release|Any CPU.ActiveCfg = Release|Any CPU
		{A1CE407A-3F0D-459F-8622-33CB7E961527}.Release|Any CPU.Build.0 = Release|Any CPU
		{BE177EEC-2C70-441E-857F-76C5FF18A4DB}.Debug|Any CPU.ActiveCfg = Debug|Any CPU
		{BE177EEC-2C70-441E-857F-76C5FF18A4DB}.Debug|Any CPU.Build.0 = Debug|Any CPU
		{BE177EEC-2C70-441E-857F-76C5FF18A4DB}.Release|Any CPU.ActiveCfg = Release|Any CPU
		{BE177EEC-2C70-441E-857F-76C5FF18A4DB}.Release|Any CPU.Build.0 = Release|Any CPU
	EndGlobalSection
	GlobalSection(SolutionProperties) = preSolution
		HideSolutionNode = FALSE
	EndGlobalSection
	GlobalSection(NestedProjects) = preSolution
		{1716D048-2908-4C95-BBE7-C8D4F541D727} = {7503C16E-3D86-4F6A-82DB-D5D4C84B5309}
	EndGlobalSection
	GlobalSection(ExtensibilityGlobals) = postSolution
		SolutionGuid = {418707A1-B387-4EBA-8304-681F7B701416}
	EndGlobalSection
EndGlobal
